
Microsoft Visual Studio Solution File, Format Version 12.00
# Visual Studio Version 17
VisualStudioVersion = 17.1.32421.90
MinimumVisualStudioVersion = 10.0.40219.1
Project("{FAE04EC0-301F-11D3-BF4B-00C04F79EFBC}") = "MiddleWareApplication9", "MiddleWareApplication9\MiddleWareApplication9.csproj", "{51DA4C86-77F1-44D6-A145-F8F72AB7044A}"
EndProject
Global
	GlobalSection(SolutionConfigurationPlatforms) = preSolution
		Debug|Any CPU = Debug|Any CPU
		Release|Any CPU = Release|Any CPU
	EndGlobalSection
	GlobalSection(ProjectConfigurationPlatforms) = postSolution
		{51DA4C86-77F1-44D6-A145-F8F72AB7044A}.Debug|Any CPU.ActiveCfg = Debug|Any CPU
		{51DA4C86-77F1-44D6-A145-F8F72AB7044A}.Debug|Any CPU.Build.0 = Debug|Any CPU
		{51DA4C86-77F1-44D6-A145-F8F72AB7044A}.Release|Any CPU.ActiveCfg = Release|Any CPU
		{51DA4C86-77F1-44D6-A145-F8F72AB7044A}.Release|Any CPU.Build.0 = Release|Any CPU
	EndGlobalSection
	GlobalSection(SolutionProperties) = preSolution
		HideSolutionNode = FALSE
	EndGlobalSection
	GlobalSection(ExtensibilityGlobals) = postSolution
		SolutionGuid = {B32D218A-74AD-45E8-9802-071A162B96AF}
	EndGlobalSection
EndGlobal
